
Microsoft Visual Studio Solution File, Format Version 12.00
# Visual Studio Version 16
VisualStudioVersion = 16.0.31624.102
MinimumVisualStudioVersion = 10.0.40219.1
Project("{00D1A9C2-B5F0-4AF3-8072-F6C62B433612}") = "Database", "Database\Database.sqlproj", "{939F797D-DEE8-4A4C-BE16-BA6BD7DB9D23}"
EndProject
Project("{00D1A9C2-B5F0-4AF3-8072-F6C62B433612}") = "InitialData", "InitialData\InitialData.sqlproj", "{827FFF41-006F-4968-A14A-DB75B4CF6D64}"
EndProject
Global
	GlobalSection(SolutionConfigurationPlatforms) = preSolution
		Debug|Any CPU = Debug|Any CPU
		Release|Any CPU = Release|Any CPU
	EndGlobalSection
	GlobalSection(ProjectConfigurationPlatforms) = postSolution
		{939F797D-DEE8-4A4C-BE16-BA6BD7DB9D23}.Debug|Any CPU.ActiveCfg = Debug|Any CPU
		{939F797D-DEE8-4A4C-BE16-BA6BD7DB9D23}.Debug|Any CPU.Build.0 = Debug|Any CPU
		{939F797D-DEE8-4A4C-BE16-BA6BD7DB9D23}.Debug|Any CPU.Deploy.0 = Debug|Any CPU
		{939F797D-DEE8-4A4C-BE16-BA6BD7DB9D23}.Release|Any CPU.ActiveCfg = Release|Any CPU
		{939F797D-DEE8-4A4C-BE16-BA6BD7DB9D23}.Release|Any CPU.Build.0 = Release|Any CPU
		{939F797D-DEE8-4A4C-BE16-BA6BD7DB9D23}.Release|Any CPU.Deploy.0 = Release|Any CPU
		{827FFF41-006F-4968-A14A-DB75B4CF6D64}.Debug|Any CPU.ActiveCfg = Debug|Any CPU
		{827FFF41-006F-4968-A14A-DB75B4CF6D64}.Debug|Any CPU.Build.0 = Debug|Any CPU
		{827FFF41-006F-4968-A14A-DB75B4CF6D64}.Debug|Any CPU.Deploy.0 = Debug|Any CPU
		{827FFF41-006F-4968-A14A-DB75B4CF6D64}.Release|Any CPU.ActiveCfg = Release|Any CPU
		{827FFF41-006F-4968-A14A-DB75B4CF6D64}.Release|Any CPU.Build.0 = Release|Any CPU
		{827FFF41-006F-4968-A14A-DB75B4CF6D64}.Release|Any CPU.Deploy.0 = Release|Any CPU
	EndGlobalSection
	GlobalSection(SolutionProperties) = preSolution
		HideSolutionNode = FALSE
	EndGlobalSection
	GlobalSection(ExtensibilityGlobals) = postSolution
		SolutionGuid = {2F0B092A-B1AE-419F-8EAB-E63C792F6DBE}
	EndGlobalSection
EndGlobal
